Microsoft Visual Studio Solution File, Format Version 12.00
# Visual Studio Version 17
VisualStudioVersion = 17.5.2.0
MinimumVisualStudioVersion = 10.0.40219.1
Project("{FAE04EC0-301F-11D3-BF4B-00C04F79EFBC}") = "AspNetCore.EmailKit", "AspNetCore.EmailKit.csproj", "{BC9EC151-285E-1D56-FA26-25D7F44A9FBD}"
EndProject
Global
	GlobalSection(SolutionConfigurationPlatforms) = preSolution
		Debug|Any CPU = Debug|Any CPU
		Release|Any CPU = Release|Any CPU
	EndGlobalSection
	GlobalSection(ProjectConfigurationPlatforms) = postSolution
		{BC9EC151-285E-1D56-FA26-25D7F44A9FBD}.Debug|Any CPU.ActiveCfg = Debug|Any CPU
		{BC9EC151-285E-1D56-FA26-25D7F44A9FBD}.Debug|Any CPU.Build.0 = Debug|Any CPU
		{BC9EC151-285E-1D56-FA26-25D7F44A9FBD}.Release|Any CPU.ActiveCfg = Release|Any CPU
		{BC9EC151-285E-1D56-FA26-25D7F44A9FBD}.Release|Any CPU.Build.0 = Release|Any CPU
	EndGlobalSection
	GlobalSection(SolutionProperties) = preSolution
		HideSolutionNode = FALSE
	EndGlobalSection
	GlobalSection(ExtensibilityGlobals) = postSolution
		SolutionGuid = {A822BC14-063F-4AD0-AE4A-6F45CD41EE59}
	EndGlobalSection
EndGlobal
